// !$*UTF8*$!
{
	archiveVersion = 1;
	classes = {
	};
	objectVersion = 50;
	objects = {

/* Begin PBXBuildFile section */
		AFDE4FE7223D6572005C6271 /* AppDelegate.swift in Sources */ = {isa = PBXBuildFile; fileRef = AFDE4FE6223D6572005C6271 /* AppDelegate.swift */; };
		AFDE4FE9223D6572005C6271 /* ViewController.swift in Sources */ = {isa = PBXBuildFile; fileRef = AFDE4FE8223D6572005C6271 /* ViewController.swift */; };
		AFDE4FEC223D6572005C6271 /* Main.storyboard in Resources */ = {isa = PBXBuildFile; fileRef = AFDE4FEA223D6572005C6271 /* Main.storyboard */; };
		AFDE4FEE223D6575005C6271 /* Assets.xcassets in Resources */ = {isa = PBXBuildFile; fileRef = AFDE4FED223D6575005C6271 /* Assets.xcassets */; };
		AFDE4FF1223D6575005C6271 /* LaunchScreen.storyboard in Resources */ = {isa = PBXBuildFile; fileRef = AFDE4FEF223D6575005C6271 /* LaunchScreen.storyboard */; };
		AFDE4FFA223D6979005C6271 /* UIImage+Assets.swift in Sources */ = {isa = PBXBuildFile; fileRef = AFDE4FF9223D6979005C6271 /* UIImage+Assets.swift */; };
/* End PBXBuildFile section */

/* Begin PBXFileReference section */
		AFDE4FE3223D6572005C6271 /* UIImageAssetsExample.app */ = {isa = PBXFileReference; explicitFileType = wrapper.application; includeInIndex = 0; path = UIImageAssetsExample.app; sourceTree = BUILT_PRODUCTS_DIR; };
		AFDE4FE6223D6572005C6271 /* AppDelegate.swift */ = {isa = PBXFileReference; lastKnownFileType = sourcecode.swift; path = AppDelegate.swift; sourceTree = "<group>"; };
		AFDE4FE8223D6572005C6271 /* ViewController.swift */ = {isa = PBXFileReference; lastKnownFileType = sourcecode.swift; path = ViewController.swift; sourceTree = "<group>"; };
		AFDE4FEB223D6572005C6271 /* Base */ = {isa = PBXFileReference; lastKnownFileType = file.storyboard; name = Base; path = Base.lproj/Main.storyboard; sourceTree = "<group>"; };
		AFDE4FED223D6575005C6271 /* Assets.xcassets */ = {isa = PBXFileReference; lastKnownFileType = folder.assetcatalog; path = Assets.xcassets; sourceTree = "<group>"; };
		AFDE4FF0223D6575005C6271 /* Base */ = {isa = PBXFileReference; lastKnownFileType = file.storyboard; name = Base; path = Base.lproj/LaunchScreen.storyboard; sourceTree = "<group>"; };
		AFDE4FF2223D6575005C6271 /* Info.plist */ = {isa = PBXFileReference; lastKnownFileType = text.plist.xml; path = Info.plist; sourceTree = "<group>"; };
		AFDE4FF9223D6979005C6271 /* UIImage+Assets.swift */ = {isa = PBXFileReference; fileEncoding = 4; lastKnownFileType = sourcecode.swift; path = "UIImage+Assets.swift"; sourceTree = "<group>"; };
/* End PBXFileReference section */

/* Begin PBXFrameworksBuildPhase section */
		AFDE4FE0223D6572005C6271 /* Frameworks */ = {
			isa = PBXFrameworksBuildPhase;
			buildActionMask = 2147483647;
			files = (
			);
			runOnlyForDeploymentPostprocessing = 0;
		};
/* End PBXFrameworksBuildPhase section */

/* Begin PBXGroup section */
		AFDE4FDA223D6572005C6271 = {
			isa = PBXGroup;
			children = (
				AFDE4FE5223D6572005C6271 /* UIImageAssetsExample */,
				AFDE4FE4223D6572005C6271 /* Products */,
			);
			sourceTree = "<group>";
		};
		AFDE4FE4223D6572005C6271 /* Products */ = {
			isa = PBXGroup;
			children = (
				AFDE4FE3223D6572005C6271 /* UIImageAssetsExample.app */,
			);
			name = Products;
			sourceTree = "<group>";
		};
		AFDE4FE5223D6572005C6271 /* UIImageAssetsExample */ = {
			isa = PBXGroup;
			children = (
				AFDE4FF8223D695A005C6271 /* Utilities */,
				AFDE4FE6223D6572005C6271 /* AppDelegate.swift */,
				AFDE4FE8223D6572005C6271 /* ViewController.swift */,
				AFDE4FEA223D6572005C6271 /* Main.storyboard */,
				AFDE4FED223D6575005C6271 /* Assets.xcassets */,
				AFDE4FEF223D6575005C6271 /* LaunchScreen.storyboard */,
				AFDE4FF2223D6575005C6271 /* Info.plist */,
			);
			path = UIImageAssetsExample;
			sourceTree = "<group>";
		};
		AFDE4FF8223D695A005C6271 /* Utilities */ = {
			isa = PBXGroup;
			children = (
				AFDE4FF9223D6979005C6271 /* UIImage+Assets.swift */,
			);
			path = Utilities;
			sourceTree = "<group>";
		};
/* End PBXGroup section */

/* Begin PBXNativeTarget section */
		AFDE4FE2223D6572005C6271 /* UIImageAssetsExample */ = {
			isa = PBXNativeTarget;
			buildConfigurationList = AFDE4FF5223D6575005C6271 /* Build configuration list for PBXNativeTarget "UIImageAssetsExample" */;
			buildPhases = (
				AFDE4FDF223D6572005C6271 /* Sources */,
				AFDE4FE0223D6572005C6271 /* Frameworks */,
				AFDE4FE1223D6572005C6271 /* Resources */,
			);
			buildRules = (
			);
			dependencies = (
			);
			name = UIImageAssetsExample;
			productName = UIImageAssetsExample;
			productReference = AFDE4FE3223D6572005C6271 /* UIImageAssetsExample.app */;
			productType = "com.apple.product-type.application";
		};
/* End PBXNativeTarget section */

/* Begin PBXProject section */
		AFDE4FDB223D6572005C6271 /* Project object */ = {
			isa = PBXProject;
			attributes = {
				LastSwiftUpdateCheck = 1010;
				LastUpgradeCheck = 1010;
				ORGANIZATIONNAME = "Matija Kruljac";
				TargetAttributes = {
					AFDE4FE2223D6572005C6271 = {
						CreatedOnToolsVersion = 10.1;
					};
				};
			};
			buildConfigurationList = AFDE4FDE223D6572005C6271 /* Build configuration list for PBXProject "UIImageAssetsExample" */;
			compatibilityVersion = "Xcode 9.3";
			developmentRegion = en;
			hasScannedForEncodings = 0;
			knownRegions = (
				en,
				Base,
			);
			mainGroup = AFDE4FDA223D6572005C6271;
			productRefGroup = AFDE4FE4223D6572005C6271 /* Products */;
			projectDirPath = "";
			projectRoot = "";
			targets = (
				AFDE4FE2223D6572005C6271 /* UIImageAssetsExample */,
			);
		};
/* End PBXProject section */

/* Begin PBXResourcesBuildPhase section */
		AFDE4FE1223D6572005C6271 /* Resources */ = {
			isa = PBXResourcesBuildPhase;
			buildActionMask = 2147483647;
			files = (
				AFDE4FF1223D6575005C6271 /* LaunchScreen.storyboard in Resources */,
				AFDE4FEE223D6575005C6271 /* Assets.xcassets in Resources */,
				AFDE4FEC223D6572005C6271 /* Main.storyboard in Resources */,
			);
			runOnlyForDeploymentPostprocessing = 0;
		};
/* End PBXResourcesBuildPhase section */

/* Begin PBXSourcesBuildPhase section */
		AFDE4FDF223D6572005C6271 /* Sources */ = {
			isa = PBXSourcesBuildPhase;
			buildActionMask = 2147483647;
			files = (
				AFDE4FE9223D6572005C6271 /* ViewController.swift in Sources */,
				AFDE4FFA223D6979005C6271 /* UIImage+Assets.swift in Sources */,
				AFDE4FE7223D6572005C6271 /* AppDelegate.swift in Sources */,
			);
			runOnlyForDeploymentPostprocessing = 0;
		};
/* End PBXSourcesBuildPhase section */

/* Begin PBXVariantGroup section */
		AFDE4FEA223D6572005C6271 /* Main.storyboard */ = {
			isa = PBXVariantGroup;
			children = (
				AFDE4FEB223D6572005C6271 /* Base */,
			);
			name = Main.storyboard;
			sourceTree = "<group>";
		};
		AFDE4FEF223D6575005C6271 /* LaunchScreen.storyboard */ = {
			isa = PBXVariantGroup;
			children = (
				AFDE4FF0223D6575005C6271 /* Base */,
			);
			name = LaunchScreen.storyboard;
			sourceTree = "<group>";
		};
/* End PBXVariantGroup section */

/* Begin XCBuildConfiguration section */
		AFDE4FF3223D6575005C6271 /* Debug */ = {
			isa = XCBuildConfiguration;
			buildSettings = {
				ALWAYS_SEARCH_USER_PATHS = NO;
				CLANG_ANALYZER_NONNULL = YES;
				CLANG_ANALYZER_NUMBER_OBJECT_CONVERSION = YES_AGGRESSIVE;
				CLANG_CXX_LANGUAGE_STANDARD = "gnu++14";
				CLANG_CXX_LIBRARY = "libc++";
				CLANG_ENABLE_MODULES = YES;
				CLANG_ENABLE_OBJC_ARC = YES;
				CLANG_ENABLE_OBJC_WEAK = YES;
				CLANG_WARN_BLOCK_CAPTURE_AUTORELEASING = YES;
				CLANG_WARN_BOOL_CONVERSION = YES;
				CLANG_WARN_COMMA = YES;
				CLANG_WARN_CONSTANT_CONVERSION = YES;
				CLANG_WARN_DEPRECATED_OBJC_IMPLEMENTATIONS = YES;
				CLANG_WARN_DIRECT_OBJC_ISA_USAGE = YES_ERROR;
				CLANG_WARN_DOCUMENTATION_COMMENTS = YES;
				CLANG_WARN_EMPTY_BODY = YES;
				CLANG_WARN_ENUM_CONVERSION = YES;
				CLANG_WARN_INFINITE_RECURSION = YES;
				CLANG_WARN_INT_CONVERSION = YES;
				CLANG_WARN_NON_LITERAL_NULL_CONVERSION = YES;
				CLANG_WARN_OBJC_IMPLICIT_RETAIN_SELF = YES;
				CLANG_WARN_OBJC_LITERAL_CONVERSION = YES;
				CLANG_WARN_OBJC_ROOT_CLASS = YES_ERROR;
				CLANG_WARN_RANGE_LOOP_ANALYSIS = YES;
				CLANG_WARN_STRICT_PROTOTYPES = YES;
				CLANG_WARN_SUSPICIOUS_MOVE = YES;
				CLANG_WARN_UNGUARDED_AVAILABILITY = YES_AGGRESSIVE;
				CLANG_WARN_UNREACHABLE_CODE = YES;
				CLANG_WARN__DUPLICATE_METHOD_MATCH = YES;
				CODE_SIGN_IDENTITY = "iPhone Developer";
				COPY_PHASE_STRIP = NO;
				DEBUG_INFORMATION_FORMAT = dwarf;
				ENABLE_STRICT_OBJC_MSGSEND = YES;
				ENABLE_TESTABILITY = YES;
				GCC_C_LANGUAGE_STANDARD = gnu11;
				GCC_DYNAMIC_NO_PIC = NO;
				GCC_NO_COMMON_BLOCKS = YES;
				GCC_OPTIMIZATION_LEVEL = 0;
				GCC_PREPROCESSOR_DEFINITIONS = (
					"DEBUG=1",
					"$(inherited)",
				);
				GCC_WARN_64_TO_32_BIT_CONVERSION = YES;
				GCC_WARN_ABOUT_RETURN_TYPE = YES_ERROR;
				GCC_WARN_UNDECLARED_SELECTOR = YES;
				GCC_WARN_UNINITIALIZED_AUTOS = YES_AGGRESSIVE;
				GCC_WARN_UNUSED_FUNCTION = YES;
				GCC_WARN_UNUSED_VARIABLE = YES;
				IPHONEOS_DEPLOYMENT_TARGET = 12.1;
				MTL_ENABLE_DEBUG_INFO = INCLUDE_SOURCE;
				MTL_FAST_MATH = YES;
				ONLY_ACTIVE_ARCH = YES;
				SDKROOT = iphoneos;
				SWIFT_ACTIVE_COMPILATION_CONDITIONS = DEBUG;
				SWIFT_OPTIMIZATION_LEVEL = "-Onone";
			};
			name = Debug;
		};
		AFDE4FF4223D6575005C6271 /* Release */ = {
			isa = XCBuildConfiguration;
			buildSettings = {
				ALWAYS_SEARCH_USER_PATHS = NO;
				CLANG_ANALYZER_NONNULL = YES;
				CLANG_ANALYZER_NUMBER_OBJECT_CONVERSION = YES_AGGRESSIVE;
				CLANG_CXX_LANGUAGE_STANDARD = "gnu++14";
				CLANG_CXX_LIBRARY = "libc++";
				CLANG_ENABLE_MODULES = YES;
				CLANG_ENABLE_OBJC_ARC = YES;
				CLANG_ENABLE_OBJC_WEAK = YES;
				CLANG_WARN_BLOCK_CAPTURE_AUTORELEASING = YES;
				CLANG_WARN_BOOL_CONVERSION = YES;
				CLANG_WARN_COMMA = YES;
				CLANG_WARN_CONSTANT_CONVERSION = YES;
				CLANG_WARN_DEPRECATED_OBJC_IMPLEMENTATIONS = YES;
				CLANG_WARN_DIRECT_OBJC_ISA_USAGE = YES_ERROR;
				CLANG_WARN_DOCUMENTATION_COMMENTS = YES;
				CLANG_WARN_EMPTY_BODY = YES;
				CLANG_WARN_ENUM_CONVERSION = YES;
				CLANG_WARN_INFINITE_RECURSION = YES;
				CLANG_WARN_INT_CONVERSION = YES;
				CLANG_WARN_NON_LITERAL_NULL_CONVERSION = YES;
				CLANG_WARN_OBJC_IMPLICIT_RETAIN_SELF = YES;
				CLANG_WARN_OBJC_LITERAL_CONVERSION = YES;
				CLANG_WARN_OBJC_ROOT_CLASS = YES_ERROR;
				CLANG_WARN_RANGE_LOOP_ANALYSIS = YES;
				CLANG_WARN_STRICT_PROTOTYPES = YES;
				CLANG_WARN_SUSPICIOUS_MOVE = YES;
				CLANG_WARN_UNGUARDED_AVAILABILITY = YES_AGGRESSIVE;
				CLANG_WARN_UNREACHABLE_CODE = YES;
				CLANG_WARN__DUPLICATE_METHOD_MATCH = YES;
				CODE_SIGN_IDENTITY = "iPhone Developer";
				COPY_PHASE_STRIP = NO;
				DEBUG_INFORMATION_FORMAT = "dwarf-with-dsym";
				ENABLE_NS_ASSERTIONS = NO;
				ENABLE_STRICT_OBJC_MSGSEND = YES;
				GCC_C_LANGUAGE_STANDARD = gnu11;
				GCC_NO_COMMON_BLOCKS = YES;
				GCC_WARN_64_TO_32_BIT_CONVERSION = YES;
				GCC_WARN_ABOUT_RETURN_TYPE = YES_ERROR;
				GCC_WARN_UNDECLARED_SELECTOR = YES;
				GCC_WARN_UNINITIALIZED_AUTOS = YES_AGGRESSIVE;
				GCC_WARN_UNUSED_FUNCTION = YES;
				GCC_WARN_UNUSED_VARIABLE = YES;
				IPHONEOS_DEPLOYMENT_TARGET = 12.1;
				MTL_ENABLE_DEBUG_INFO = NO;
				MTL_FAST_MATH = YES;
				SDKROOT = iphoneos;
				SWIFT_COMPILATION_MODE = wholemodule;
				SWIFT_OPTIMIZATION_LEVEL = "-O";
				VALIDATE_PRODUCT = YES;
			};
			name = Release;
		};
		AFDE4FF6223D6575005C6271 /* Debug */ = {
			isa = XCBuildConfiguration;
			buildSettings = {
				ASSETCATALOG_COMPILER_APPICON_NAME = AppIcon;
				CODE_SIGN_STYLE = Automatic;
				DEVELOPMENT_TEAM = 7F2ACBD36Y;
				INFOPLIST_FILE = UIImageAssetsExample/Info.plist;
				LD_RUNPATH_SEARCH_PATHS = (
					"$(inherited)",
					"@executable_path/Frameworks",
				);
				PRODUCT_BUNDLE_IDENTIFIER = com.mattcodes.UIImageAssetsExample;
				PRODUCT_NAME = "$(TARGET_NAME)";
				SWIFT_VERSION = 4.2;
				TARGETED_DEVICE_FAMILY = "1,2";
			};
			name = Debug;
		};
		AFDE4FF7223D6575005C6271 /* Release */ = {
			isa = XCBuildConfiguration;
			buildSettings = {
				ASSETCATALOG_COMPILER_APPICON_NAME = AppIcon;
				CODE_SIGN_STYLE = Automatic;
				DEVELOPMENT_TEAM = 7F2ACBD36Y;
				INFOPLIST_FILE = UIImageAssetsExample/Info.plist;
				LD_RUNPATH_SEARCH_PATHS = (
					"$(inherited)",
					"@executable_path/Frameworks",
				);
				PRODUCT_BUNDLE_IDENTIFIER = com.mattcodes.UIImageAssetsExample;
				PRODUCT_NAME = "$(TARGET_NAME)";
				SWIFT_VERSION = 4.2;
				TARGETED_DEVICE_FAMILY = "1,2";
			};
			name = Release;
		};
/* End XCBuildConfiguration section */

/* Begin XCConfigurationList section */
		AFDE4FDE223D6572005C6271 /* Build configuration list for PBXProject "UIImageAssetsExample" */ = {
			isa = XCConfigurationList;
			buildConfigurations = (
				AFDE4FF3223D6575005C6271 /* Debug */,
				AFDE4FF4223D6575005C6271 /* Release */,
			);
			defaultConfigurationIsVisible = 0;
			defaultConfigurationName = Release;
		};
		AFDE4FF5223D6575005C6271 /* Build configuration list for PBXNativeTarget "UIImageAssetsExample" */ = {
			isa = XCConfigurationList;
			buildConfigurations = (
				AFDE4FF6223D6575005C6271 /* Debug */,
				AFDE4FF7223D6575005C6271 /* Release */,
			);
			defaultConfigurationIsVisible = 0;
			defaultConfigurationName = Release;
		};
/* End XCConfigurationList section */
	};
	rootObject = AFDE4FDB223D6572005C6271 /* Project object */;
}
